
Microsoft Visual Studio Solution File, Format Version 12.00
# Visual Studio Version 17
VisualStudioVersion = 17.14.36811.4 d17.14
MinimumVisualStudioVersion = 10.0.40219.1
Project("{2150E333-8FDC-42A3-9474-1A3956D46DE8}") = "Services", "Services", "{02EA681E-C7D8-13C7-8484-4AC65E1B71E8}"
EndProject
Project("{2150E333-8FDC-42A3-9474-1A3956D46DE8}") = "Catalog", "Catalog", "{5419D21F-3502-4A72-BAF3-6658987467EB}"
EndProject
Project("{FAE04EC0-301F-11D3-BF4B-00C04F79EFBC}") = "Catalog-API", "Services\Catalog\Catalog-API\Catalog-API.csproj", "{F0C50190-180E-431C-B99D-2E8C5E94F004}"
EndProject
Global
	GlobalSection(SolutionConfigurationPlatforms) = preSolution
		Debug|Any CPU = Debug|Any CPU
		Release|Any CPU = Release|Any CPU
	EndGlobalSection
	GlobalSection(ProjectConfigurationPlatforms) = postSolution
		{F0C50190-180E-431C-B99D-2E8C5E94F004}.Debug|Any CPU.ActiveCfg = Debug|Any CPU
		{F0C50190-180E-431C-B99D-2E8C5E94F004}.Debug|Any CPU.Build.0 = Debug|Any CPU
		{F0C50190-180E-431C-B99D-2E8C5E94F004}.Release|Any CPU.ActiveCfg = Release|Any CPU
		{F0C50190-180E-431C-B99D-2E8C5E94F004}.Release|Any CPU.Build.0 = Release|Any CPU
	EndGlobalSection
	GlobalSection(SolutionProperties) = preSolution
		HideSolutionNode = FALSE
	EndGlobalSection
	GlobalSection(NestedProjects) = preSolution
		{5419D21F-3502-4A72-BAF3-6658987467EB} = {02EA681E-C7D8-13C7-8484-4AC65E1B71E8}
		{F0C50190-180E-431C-B99D-2E8C5E94F004} = {5419D21F-3502-4A72-BAF3-6658987467EB}
	EndGlobalSection
	GlobalSection(ExtensibilityGlobals) = postSolution
		SolutionGuid = {636E030A-073F-41A0-93E9-B8799F4E567D}
	EndGlobalSection
EndGlobal
